
Microsoft Visual Studio Solution File, Format Version 12.00
# Visual Studio Version 17
VisualStudioVersion = 17.9.34622.214
MinimumVisualStudioVersion = 10.0.40219.1
Project("{FAE04EC0-301F-11D3-BF4B-00C04F79EFBC}") = "varbot", "varbot.csproj", "{10B7A503-E9A0-46B1-9070-94F9758752C1}"
EndProject
Global
	GlobalSection(SolutionConfigurationPlatforms) = preSolution
		Debug|Any CPU = Debug|Any CPU
		Release|Any CPU = Release|Any CPU
	EndGlobalSection
	GlobalSection(ProjectConfigurationPlatforms) = postSolution
		{10B7A503-E9A0-46B1-9070-94F9758752C1}.Debug|Any CPU.ActiveCfg = Debug|Any CPU
		{10B7A503-E9A0-46B1-9070-94F9758752C1}.Debug|Any CPU.Build.0 = Debug|Any CPU
		{10B7A503-E9A0-46B1-9070-94F9758752C1}.Release|Any CPU.ActiveCfg = Release|Any CPU
		{10B7A503-E9A0-46B1-9070-94F9758752C1}.Release|Any CPU.Build.0 = Release|Any CPU
	EndGlobalSection
	GlobalSection(SolutionProperties) = preSolution
		HideSolutionNode = FALSE
	EndGlobalSection
	GlobalSection(ExtensibilityGlobals) = postSolution
		SolutionGuid = {76F97BE8-1E4A-4536-A8DC-A28F9BDE5EF6}
	EndGlobalSection
EndGlobal
